
Microsoft Visual Studio Solution File, Format Version 12.00
# Visual Studio Version 17
VisualStudioVersion = 17.14.36127.28 d17.14
MinimumVisualStudioVersion = 10.0.40219.1
Project("{2150E333-8FDC-42A3-9474-1A3956D46DE8}") = "Doc", "Doc", "{9F26225D-3502-487F-B835-33EDFAD911C5}"
EndProject
Project("{2150E333-8FDC-42A3-9474-1A3956D46DE8}") = "Src", "Src", "{5557A5FC-5704-4A49-8B00-CBCD606238C5}"
EndProject
Project("{2150E333-8FDC-42A3-9474-1A3956D46DE8}") = "Common", "Common", "{BD4F7D9A-0E51-48CC-9E31-A7228AA1EDE8}"
EndProject
Project("{2150E333-8FDC-42A3-9474-1A3956D46DE8}") = "Test", "Test", "{CA9263D6-F15B-43A8-85B4-AFB1DB40F91E}"
EndProject
Project("{2150E333-8FDC-42A3-9474-1A3956D46DE8}") = "Core", "Core", "{F063FB8E-C9FD-4747-AC40-5A0FB073B424}"
EndProject
Project("{2150E333-8FDC-42A3-9474-1A3956D46DE8}") = "Infrastructure", "Infrastructure", "{3215320B-D2DA-483C-B693-58F7423D029C}"
EndProject
Project("{2150E333-8FDC-42A3-9474-1A3956D46DE8}") = "Presentation", "Presentation", "{C65CCF3E-3510-49CC-B963-21B83261FE4A}"
EndProject
Project("{9A19103F-16F7-4668-BE54-9A1E7A4F7556}") = "Azmoon.Domain", "Ticket.Domain\Azmoon.Domain.csproj", "{0FE9EE33-D929-42A7-821C-BE726170B07F}"
EndProject
Project("{9A19103F-16F7-4668-BE54-9A1E7A4F7556}") = "Azmoon.Application", "Ticket.Application\Azmoon.Application.csproj", "{3A2AD965-4D7E-4281-A0F7-47EA8FC1AF69}"
EndProject
Project("{9A19103F-16F7-4668-BE54-9A1E7A4F7556}") = "Azmoon.Persistence", "Ticket.Persistence\Azmoon.Persistence.csproj", "{F5D8886D-7D1F-4540-BF9F-82B578B0E023}"
EndProject
Project("{9A19103F-16F7-4668-BE54-9A1E7A4F7556}") = "Azmoon.Common", "Ticket.Common\Azmoon.Common.csproj", "{F290D25F-2F4D-4FDC-8E4E-EB1CA2015F16}"
EndProject
Project("{9A19103F-16F7-4668-BE54-9A1E7A4F7556}") = "EndPoint.Site", "EndPoint.Site\EndPoint.Site.csproj", "{C6C5967B-53C4-4710-AB75-E07E601DAC4D}"
EndProject
Project("{9A19103F-16F7-4668-BE54-9A1E7A4F7556}") = "Azmoon.ElFinder", "Ticket.ElFinder\Azmoon.ElFinder.csproj", "{187CB8D7-E306-440D-8356-962DFCAD8F15}"
EndProject
Global
	GlobalSection(SolutionConfigurationPlatforms) = preSolution
		Debug|Any CPU = Debug|Any CPU
		Release|Any CPU = Release|Any CPU
	EndGlobalSection
	GlobalSection(ProjectConfigurationPlatforms) = postSolution
		{0FE9EE33-D929-42A7-821C-BE726170B07F}.Debug|Any CPU.ActiveCfg = Debug|Any CPU
		{0FE9EE33-D929-42A7-821C-BE726170B07F}.Debug|Any CPU.Build.0 = Debug|Any CPU
		{0FE9EE33-D929-42A7-821C-BE726170B07F}.Release|Any CPU.ActiveCfg = Release|Any CPU
		{0FE9EE33-D929-42A7-821C-BE726170B07F}.Release|Any CPU.Build.0 = Release|Any CPU
		{3A2AD965-4D7E-4281-A0F7-47EA8FC1AF69}.Debug|Any CPU.ActiveCfg = Debug|Any CPU
		{3A2AD965-4D7E-4281-A0F7-47EA8FC1AF69}.Debug|Any CPU.Build.0 = Debug|Any CPU
		{3A2AD965-4D7E-4281-A0F7-47EA8FC1AF69}.Release|Any CPU.ActiveCfg = Release|Any CPU
		{3A2AD965-4D7E-4281-A0F7-47EA8FC1AF69}.Release|Any CPU.Build.0 = Release|Any CPU
		{F5D8886D-7D1F-4540-BF9F-82B578B0E023}.Debug|Any CPU.ActiveCfg = Debug|Any CPU
		{F5D8886D-7D1F-4540-BF9F-82B578B0E023}.Debug|Any CPU.Build.0 = Debug|Any CPU
		{F5D8886D-7D1F-4540-BF9F-82B578B0E023}.Release|Any CPU.ActiveCfg = Release|Any CPU
		{F5D8886D-7D1F-4540-BF9F-82B578B0E023}.Release|Any CPU.Build.0 = Release|Any CPU
		{F290D25F-2F4D-4FDC-8E4E-EB1CA2015F16}.Debug|Any CPU.ActiveCfg = Debug|Any CPU
		{F290D25F-2F4D-4FDC-8E4E-EB1CA2015F16}.Debug|Any CPU.Build.0 = Debug|Any CPU
		{F290D25F-2F4D-4FDC-8E4E-EB1CA2015F16}.Release|Any CPU.ActiveCfg = Release|Any CPU
		{F290D25F-2F4D-4FDC-8E4E-EB1CA2015F16}.Release|Any CPU.Build.0 = Release|Any CPU
		{C6C5967B-53C4-4710-AB75-E07E601DAC4D}.Debug|Any CPU.ActiveCfg = Debug|Any CPU
		{C6C5967B-53C4-4710-AB75-E07E601DAC4D}.Debug|Any CPU.Build.0 = Debug|Any CPU
		{C6C5967B-53C4-4710-AB75-E07E601DAC4D}.Release|Any CPU.ActiveCfg = Release|Any CPU
		{C6C5967B-53C4-4710-AB75-E07E601DAC4D}.Release|Any CPU.Build.0 = Release|Any CPU
		{187CB8D7-E306-440D-8356-962DFCAD8F15}.Debug|Any CPU.ActiveCfg = Debug|Any CPU
		{187CB8D7-E306-440D-8356-962DFCAD8F15}.Debug|Any CPU.Build.0 = Debug|Any CPU
		{187CB8D7-E306-440D-8356-962DFCAD8F15}.Release|Any CPU.ActiveCfg = Release|Any CPU
		{187CB8D7-E306-440D-8356-962DFCAD8F15}.Release|Any CPU.Build.0 = Release|Any CPU
	EndGlobalSection
	GlobalSection(SolutionProperties) = preSolution
		HideSolutionNode = FALSE
	EndGlobalSection
	GlobalSection(NestedProjects) = preSolution
		{BD4F7D9A-0E51-48CC-9E31-A7228AA1EDE8} = {5557A5FC-5704-4A49-8B00-CBCD606238C5}
		{F063FB8E-C9FD-4747-AC40-5A0FB073B424} = {5557A5FC-5704-4A49-8B00-CBCD606238C5}
		{3215320B-D2DA-483C-B693-58F7423D029C} = {5557A5FC-5704-4A49-8B00-CBCD606238C5}
		{C65CCF3E-3510-49CC-B963-21B83261FE4A} = {5557A5FC-5704-4A49-8B00-CBCD606238C5}
		{0FE9EE33-D929-42A7-821C-BE726170B07F} = {F063FB8E-C9FD-4747-AC40-5A0FB073B424}
		{3A2AD965-4D7E-4281-A0F7-47EA8FC1AF69} = {F063FB8E-C9FD-4747-AC40-5A0FB073B424}
		{F5D8886D-7D1F-4540-BF9F-82B578B0E023} = {3215320B-D2DA-483C-B693-58F7423D029C}
		{F290D25F-2F4D-4FDC-8E4E-EB1CA2015F16} = {BD4F7D9A-0E51-48CC-9E31-A7228AA1EDE8}
		{C6C5967B-53C4-4710-AB75-E07E601DAC4D} = {C65CCF3E-3510-49CC-B963-21B83261FE4A}
		{187CB8D7-E306-440D-8356-962DFCAD8F15} = {F063FB8E-C9FD-4747-AC40-5A0FB073B424}
	EndGlobalSection
	GlobalSection(ExtensibilityGlobals) = postSolution
		SolutionGuid = {FCCB2EA1-6BD1-4EF3-B358-01BD630F91F8}
	EndGlobalSection
EndGlobal
